
Microsoft Visual Studio Solution File, Format Version 12.00
# Visual Studio Version 17
VisualStudioVersion = 17.0.31903.59
MinimumVisualStudioVersion = 10.0.40219.1
Project("{2150E333-8FDC-42A3-9474-1A3956D46DE8}") = "src", "src", "{827E0CD3-B72D-47B6-A68D-7590B98EB39B}"
EndProject
Project("{2150E333-8FDC-42A3-9474-1A3956D46DE8}") = "BuildingBlocks", "BuildingBlocks", "{90298CBA-BD6F-3A0A-69D5-97CAD7B05E7E}"
EndProject
Project("{FAE04EC0-301F-11D3-BF4B-00C04F79EFBC}") = "SmartPark.SharedContracts", "src\BuildingBlocks\SmartPark.SharedContracts\SmartPark.SharedContracts.csproj", "{B83B0150-5FDC-44DC-A6AE-EC55B37EC23C}"
EndProject
Project("{FAE04EC0-301F-11D3-BF4B-00C04F79EFBC}") = "SmartPark.SharedInfrastructure", "src\BuildingBlocks\SmartPark.SharedInfrastructure\SmartPark.SharedInfrastructure.csproj", "{37BD2618-F72F-4A77-BAF2-3ABCB6D00180}"
EndProject
Project("{FAE04EC0-301F-11D3-BF4B-00C04F79EFBC}") = "SmartPark.SharedKernel", "src\BuildingBlocks\SmartPark.SharedKernel\SmartPark.SharedKernel.csproj", "{237FD741-F8CD-422B-A90E-EE75F2B61AAB}"
EndProject
Project("{2150E333-8FDC-42A3-9474-1A3956D46DE8}") = "Gateway", "Gateway", "{6306A8FB-679E-111F-6585-8F70E0EE6013}"
EndProject
Project("{FAE04EC0-301F-11D3-BF4B-00C04F79EFBC}") = "SmartPark.ApiGateway", "src\Gateway\SmartPark.ApiGateway\SmartPark.ApiGateway.csproj", "{3CD65C5D-72BF-4534-A544-51F714C8734F}"
EndProject
Project("{2150E333-8FDC-42A3-9474-1A3956D46DE8}") = "Services", "Services", "{984BB9B3-3FA3-BE33-9484-CAC21695A33C}"
EndProject
Project("{2150E333-8FDC-42A3-9474-1A3956D46DE8}") = "Asset", "Asset", "{346BCB0B-667F-FE32-8749-1260F3F4611F}"
EndProject
Project("{FAE04EC0-301F-11D3-BF4B-00C04F79EFBC}") = "SmartPark.Asset.Api", "src\Services\Asset\SmartPark.Asset.Api\SmartPark.Asset.Api.csproj", "{F869D502-47EF-431B-82E0-6CCF9B1C7D19}"
EndProject
Project("{FAE04EC0-301F-11D3-BF4B-00C04F79EFBC}") = "SmartPark.Asset.Application", "src\Services\Asset\SmartPark.Asset.Application\SmartPark.Asset.Application.csproj", "{A3BABCAF-7751-4920-914A-7814322485B9}"
EndProject
Project("{FAE04EC0-301F-11D3-BF4B-00C04F79EFBC}") = "SmartPark.Asset.Domain", "src\Services\Asset\SmartPark.Asset.Domain\SmartPark.Asset.Domain.csproj", "{D9CF1874-1794-4422-9DE4-093B89AACB74}"
EndProject
Project("{FAE04EC0-301F-11D3-BF4B-00C04F79EFBC}") = "SmartPark.Asset.Infrastructure", "src\Services\Asset\SmartPark.Asset.Infrastructure\SmartPark.Asset.Infrastructure.csproj", "{9B53969C-A5A4-4046-993F-97AB4018D718}"
EndProject
Project("{2150E333-8FDC-42A3-9474-1A3956D46DE8}") = "Collaboration", "Collaboration", "{3F065B14-971E-798B-8CF3-8234AEA414AB}"
EndProject
Project("{FAE04EC0-301F-11D3-BF4B-00C04F79EFBC}") = "SmartPark.Collaboration.Api", "src\Services\Collaboration\SmartPark.Collaboration.Api\SmartPark.Collaboration.Api.csproj", "{6934DF9E-A42A-4793-83A0-9A96F7C652A9}"
EndProject
Project("{FAE04EC0-301F-11D3-BF4B-00C04F79EFBC}") = "SmartPark.Collaboration.Application", "src\Services\Collaboration\SmartPark.Collaboration.Application\SmartPark.Collaboration.Application.csproj", "{6F698D7F-FDBB-41DC-B143-20975F11B4EC}"
EndProject
Project("{FAE04EC0-301F-11D3-BF4B-00C04F79EFBC}") = "SmartPark.Collaboration.Domain", "src\Services\Collaboration\SmartPark.Collaboration.Domain\SmartPark.Collaboration.Domain.csproj", "{C9F7E3F0-8C0A-4C1C-A431-C62B614210BC}"
EndProject
Project("{FAE04EC0-301F-11D3-BF4B-00C04F79EFBC}") = "SmartPark.Collaboration.Infrastructure", "src\Services\Collaboration\SmartPark.Collaboration.Infrastructure\SmartPark.Collaboration.Infrastructure.csproj", "{004083F4-5802-46B3-A121-98769613A9BA}"
EndProject
Project("{2150E333-8FDC-42A3-9474-1A3956D46DE8}") = "Identity", "Identity", "{1BFC9479-12BF-35C3-06B8-42D89D95092B}"
EndProject
Project("{FAE04EC0-301F-11D3-BF4B-00C04F79EFBC}") = "SmartPark.Identity.Api", "src\Services\Identity\SmartPark.Identity.Api\SmartPark.Identity.Api.csproj", "{F410C84F-ED95-4B36-A482-20FB5ED8754A}"
EndProject
Project("{FAE04EC0-301F-11D3-BF4B-00C04F79EFBC}") = "SmartPark.Identity.Application", "src\Services\Identity\SmartPark.Identity.Application\SmartPark.Identity.Application.csproj", "{F1E84A49-5410-48A2-83EE-311EC294B95D}"
EndProject
Project("{FAE04EC0-301F-11D3-BF4B-00C04F79EFBC}") = "SmartPark.Identity.Domain", "src\Services\Identity\SmartPark.Identity.Domain\SmartPark.Identity.Domain.csproj", "{39DF0350-4BFE-4C82-8B79-037189DA1848}"
EndProject
Project("{FAE04EC0-301F-11D3-BF4B-00C04F79EFBC}") = "SmartPark.Identity.Infrastructure", "src\Services\Identity\SmartPark.Identity.Infrastructure\SmartPark.Identity.Infrastructure.csproj", "{18196B97-4DAF-4CAE-9F7F-B278F410B890}"
EndProject
Project("{2150E333-8FDC-42A3-9474-1A3956D46DE8}") = "IoTPlatform", "IoTPlatform", "{50CA0F33-3452-232D-F27E-24C3E1E7DC61}"
EndProject
Project("{FAE04EC0-301F-11D3-BF4B-00C04F79EFBC}") = "SmartPark.IoTPlatform.Api", "src\Services\IoTPlatform\SmartPark.IoTPlatform.Api\SmartPark.IoTPlatform.Api.csproj", "{99D4815E-CA11-47F3-9EC7-E49647A617A3}"
EndProject
Project("{FAE04EC0-301F-11D3-BF4B-00C04F79EFBC}") = "SmartPark.IoTPlatform.Application", "src\Services\IoTPlatform\SmartPark.IoTPlatform.Application\SmartPark.IoTPlatform.Application.csproj", "{4D74C6A0-4E87-40CA-9795-55539AD1ECB3}"
EndProject
Project("{FAE04EC0-301F-11D3-BF4B-00C04F79EFBC}") = "SmartPark.IoTPlatform.Domain", "src\Services\IoTPlatform\SmartPark.IoTPlatform.Domain\SmartPark.IoTPlatform.Domain.csproj", "{3ED2422A-05C3-4155-B47C-69FF50728B7F}"
EndProject
Project("{FAE04EC0-301F-11D3-BF4B-00C04F79EFBC}") = "SmartPark.IoTPlatform.Infrastructure", "src\Services\IoTPlatform\SmartPark.IoTPlatform.Infrastructure\SmartPark.IoTPlatform.Infrastructure.csproj", "{F4474AF7-32AE-492D-A945-004025EA6570}"
EndProject
Project("{2150E333-8FDC-42A3-9474-1A3956D46DE8}") = "WorkOrder", "WorkOrder", "{14EB1F56-A348-1217-F1FB-1C32AC906A77}"
EndProject
Project("{FAE04EC0-301F-11D3-BF4B-00C04F79EFBC}") = "SmartPark.WorkOrder.Api", "src\Services\WorkOrder\SmartPark.WorkOrder.Api\SmartPark.WorkOrder.Api.csproj", "{6FABDF4F-51E6-46E7-83BA-0BD0D9609E39}"
EndProject
Project("{FAE04EC0-301F-11D3-BF4B-00C04F79EFBC}") = "SmartPark.WorkOrder.Application", "src\Services\WorkOrder\SmartPark.WorkOrder.Application\SmartPark.WorkOrder.Application.csproj", "{D49EAFFF-3AAF-44D4-B9FF-9CEBA6A082F9}"
EndProject
Project("{FAE04EC0-301F-11D3-BF4B-00C04F79EFBC}") = "SmartPark.WorkOrder.Domain", "src\Services\WorkOrder\SmartPark.WorkOrder.Domain\SmartPark.WorkOrder.Domain.csproj", "{EC879AFB-CFE7-4943-8D33-CD33BB37532A}"
EndProject
Project("{FAE04EC0-301F-11D3-BF4B-00C04F79EFBC}") = "SmartPark.WorkOrder.Infrastructure", "src\Services\WorkOrder\SmartPark.WorkOrder.Infrastructure\SmartPark.WorkOrder.Infrastructure.csproj", "{948EC558-6088-4E46-B7CB-D07001324699}"
EndProject
Project("{FAE04EC0-301F-11D3-BF4B-00C04F79EFBC}") = "SmartPark.AppHost", "src\SmartPark.AppHost\SmartPark.AppHost.csproj", "{7B3BAB18-4D66-4FA6-927A-CD78C9D3F77D}"
EndProject
Project("{FAE04EC0-301F-11D3-BF4B-00C04F79EFBC}") = "SmartPark.ServiceDefaults", "src\SmartPark.ServiceDefaults\SmartPark.ServiceDefaults.csproj", "{2777CBE6-4E60-4BED-A9A3-2E2752A04729}"
EndProject
Project("{2150E333-8FDC-42A3-9474-1A3956D46DE8}") = "tests", "tests", "{0AB3BF05-4346-4AA6-1389-037BE0695223}"
EndProject
Project("{FAE04EC0-301F-11D3-BF4B-00C04F79EFBC}") = "SmartPark.Identity.Tests", "tests\SmartPark.Identity.Tests\SmartPark.Identity.Tests.csproj", "{0A43A8CD-D633-4EAA-86F3-0FB36D8A38B2}"
EndProject
Project("{FAE04EC0-301F-11D3-BF4B-00C04F79EFBC}") = "SmartPark.IntegrationTests", "tests\SmartPark.IntegrationTests\SmartPark.IntegrationTests.csproj", "{C2BD6F7F-20D5-4F3E-BCDF-15E29D0E6A37}"
EndProject
Project("{FAE04EC0-301F-11D3-BF4B-00C04F79EFBC}") = "SmartPark.WorkOrder.Tests", "tests\SmartPark.WorkOrder.Tests\SmartPark.WorkOrder.Tests.csproj", "{34794D97-2DDD-4F20-AB97-11089ADE693F}"
EndProject
Project("{2150E333-8FDC-42A3-9474-1A3956D46DE8}") = "Tools", "Tools", "{DCB6FCB8-FF92-AC57-0842-1F72A354D6B1}"
EndProject
Project("{FAE04EC0-301F-11D3-BF4B-00C04F79EFBC}") = "SmartPark.DbSeeder", "src\Tools\SmartPark.DbSeeder\SmartPark.DbSeeder.csproj", "{928A37F5-8AB7-47EC-BD61-A4FEDBF60429}"
EndProject
Global
	GlobalSection(SolutionConfigurationPlatforms) = preSolution
		Debug|Any CPU = Debug|Any CPU
		Debug|x64 = Debug|x64
		Debug|x86 = Debug|x86
		Release|Any CPU = Release|Any CPU
		Release|x64 = Release|x64
		Release|x86 = Release|x86
	EndGlobalSection
	GlobalSection(ProjectConfigurationPlatforms) = postSolution
		{B83B0150-5FDC-44DC-A6AE-EC55B37EC23C}.Debug|Any CPU.ActiveCfg = Debug|Any CPU
		{B83B0150-5FDC-44DC-A6AE-EC55B37EC23C}.Debug|Any CPU.Build.0 = Debug|Any CPU
		{B83B0150-5FDC-44DC-A6AE-EC55B37EC23C}.Debug|x64.ActiveCfg = Debug|Any CPU
		{B83B0150-5FDC-44DC-A6AE-EC55B37EC23C}.Debug|x64.Build.0 = Debug|Any CPU
		{B83B0150-5FDC-44DC-A6AE-EC55B37EC23C}.Debug|x86.ActiveCfg = Debug|Any CPU
		{B83B0150-5FDC-44DC-A6AE-EC55B37EC23C}.Debug|x86.Build.0 = Debug|Any CPU
		{B83B0150-5FDC-44DC-A6AE-EC55B37EC23C}.Release|Any CPU.ActiveCfg = Release|Any CPU
		{B83B0150-5FDC-44DC-A6AE-EC55B37EC23C}.Release|Any CPU.Build.0 = Release|Any CPU
		{B83B0150-5FDC-44DC-A6AE-EC55B37EC23C}.Release|x64.ActiveCfg = Release|Any CPU
		{B83B0150-5FDC-44DC-A6AE-EC55B37EC23C}.Release|x64.Build.0 = Release|Any CPU
		{B83B0150-5FDC-44DC-A6AE-EC55B37EC23C}.Release|x86.ActiveCfg = Release|Any CPU
		{B83B0150-5FDC-44DC-A6AE-EC55B37EC23C}.Release|x86.Build.0 = Release|Any CPU
		{37BD2618-F72F-4A77-BAF2-3ABCB6D00180}.Debug|Any CPU.ActiveCfg = Debug|Any CPU
		{37BD2618-F72F-4A77-BAF2-3ABCB6D00180}.Debug|Any CPU.Build.0 = Debug|Any CPU
		{37BD2618-F72F-4A77-BAF2-3ABCB6D00180}.Debug|x64.ActiveCfg = Debug|Any CPU
		{37BD2618-F72F-4A77-BAF2-3ABCB6D00180}.Debug|x64.Build.0 = Debug|Any CPU
		{37BD2618-F72F-4A77-BAF2-3ABCB6D00180}.Debug|x86.ActiveCfg = Debug|Any CPU
		{37BD2618-F72F-4A77-BAF2-3ABCB6D00180}.Debug|x86.Build.0 = Debug|Any CPU
		{37BD2618-F72F-4A77-BAF2-3ABCB6D00180}.Release|Any CPU.ActiveCfg = Release|Any CPU
		{37BD2618-F72F-4A77-BAF2-3ABCB6D00180}.Release|Any CPU.Build.0 = Release|Any CPU
		{37BD2618-F72F-4A77-BAF2-3ABCB6D00180}.Release|x64.ActiveCfg = Release|Any CPU
		{37BD2618-F72F-4A77-BAF2-3ABCB6D00180}.Release|x64.Build.0 = Release|Any CPU
		{37BD2618-F72F-4A77-BAF2-3ABCB6D00180}.Release|x86.ActiveCfg = Release|Any CPU
		{37BD2618-F72F-4A77-BAF2-3ABCB6D00180}.Release|x86.Build.0 = Release|Any CPU
		{237FD741-F8CD-422B-A90E-EE75F2B61AAB}.Debug|Any CPU.ActiveCfg = Debug|Any CPU
		{237FD741-F8CD-422B-A90E-EE75F2B61AAB}.Debug|Any CPU.Build.0 = Debug|Any CPU
		{237FD741-F8CD-422B-A90E-EE75F2B61AAB}.Debug|x64.ActiveCfg = Debug|Any CPU
		{237FD741-F8CD-422B-A90E-EE75F2B61AAB}.Debug|x64.Build.0 = Debug|Any CPU
		{237FD741-F8CD-422B-A90E-EE75F2B61AAB}.Debug|x86.ActiveCfg = Debug|Any CPU
		{237FD741-F8CD-422B-A90E-EE75F2B61AAB}.Debug|x86.Build.0 = Debug|Any CPU
		{237FD741-F8CD-422B-A90E-EE75F2B61AAB}.Release|Any CPU.ActiveCfg = Release|Any CPU
		{237FD741-F8CD-422B-A90E-EE75F2B61AAB}.Release|Any CPU.Build.0 = Release|Any CPU
		{237FD741-F8CD-422B-A90E-EE75F2B61AAB}.Release|x64.ActiveCfg = Release|Any CPU
		{237FD741-F8CD-422B-A90E-EE75F2B61AAB}.Release|x64.Build.0 = Release|Any CPU
		{237FD741-F8CD-422B-A90E-EE75F2B61AAB}.Release|x86.ActiveCfg = Release|Any CPU
		{237FD741-F8CD-422B-A90E-EE75F2B61AAB}.Release|x86.Build.0 = Release|Any CPU
		{3CD65C5D-72BF-4534-A544-51F714C8734F}.Debug|Any CPU.ActiveCfg = Debug|Any CPU
		{3CD65C5D-72BF-4534-A544-51F714C8734F}.Debug|Any CPU.Build.0 = Debug|Any CPU
		{3CD65C5D-72BF-4534-A544-51F714C8734F}.Debug|x64.ActiveCfg = Debug|Any CPU
		{3CD65C5D-72BF-4534-A544-51F714C8734F}.Debug|x64.Build.0 = Debug|Any CPU
		{3CD65C5D-72BF-4534-A544-51F714C8734F}.Debug|x86.ActiveCfg = Debug|Any CPU
		{3CD65C5D-72BF-4534-A544-51F714C8734F}.Debug|x86.Build.0 = Debug|Any CPU
		{3CD65C5D-72BF-4534-A544-51F714C8734F}.Release|Any CPU.ActiveCfg = Release|Any CPU
		{3CD65C5D-72BF-4534-A544-51F714C8734F}.Release|Any CPU.Build.0 = Release|Any CPU
		{3CD65C5D-72BF-4534-A544-51F714C8734F}.Release|x64.ActiveCfg = Release|Any CPU
		{3CD65C5D-72BF-4534-A544-51F714C8734F}.Release|x64.Build.0 = Release|Any CPU
		{3CD65C5D-72BF-4534-A544-51F714C8734F}.Release|x86.ActiveCfg = Release|Any CPU
		{3CD65C5D-72BF-4534-A544-51F714C8734F}.Release|x86.Build.0 = Release|Any CPU
		{F869D502-47EF-431B-82E0-6CCF9B1C7D19}.Debug|Any CPU.ActiveCfg = Debug|Any CPU
		{F869D502-47EF-431B-82E0-6CCF9B1C7D19}.Debug|Any CPU.Build.0 = Debug|Any CPU
		{F869D502-47EF-431B-82E0-6CCF9B1C7D19}.Debug|x64.ActiveCfg = Debug|Any CPU
		{F869D502-47EF-431B-82E0-6CCF9B1C7D19}.Debug|x64.Build.0 = Debug|Any CPU
		{F869D502-47EF-431B-82E0-6CCF9B1C7D19}.Debug|x86.ActiveCfg = Debug|Any CPU
		{F869D502-47EF-431B-82E0-6CCF9B1C7D19}.Debug|x86.Build.0 = Debug|Any CPU
		{F869D502-47EF-431B-82E0-6CCF9B1C7D19}.Release|Any CPU.ActiveCfg = Release|Any CPU
		{F869D502-47EF-431B-82E0-6CCF9B1C7D19}.Release|Any CPU.Build.0 = Release|Any CPU
		{F869D502-47EF-431B-82E0-6CCF9B1C7D19}.Release|x64.ActiveCfg = Release|Any CPU
		{F869D502-47EF-431B-82E0-6CCF9B1C7D19}.Release|x64.Build.0 = Release|Any CPU
		{F869D502-47EF-431B-82E0-6CCF9B1C7D19}.Release|x86.ActiveCfg = Release|Any CPU
		{F869D502-47EF-431B-82E0-6CCF9B1C7D19}.Release|x86.Build.0 = Release|Any CPU
		{A3BABCAF-7751-4920-914A-7814322485B9}.Debug|Any CPU.ActiveCfg = Debug|Any CPU
		{A3BABCAF-7751-4920-914A-7814322485B9}.Debug|Any CPU.Build.0 = Debug|Any CPU
		{A3BABCAF-7751-4920-914A-7814322485B9}.Debug|x64.ActiveCfg = Debug|Any CPU
		{A3BABCAF-7751-4920-914A-7814322485B9}.Debug|x64.Build.0 = Debug|Any CPU
		{A3BABCAF-7751-4920-914A-7814322485B9}.Debug|x86.ActiveCfg = Debug|Any CPU
		{A3BABCAF-7751-4920-914A-7814322485B9}.Debug|x86.Build.0 = Debug|Any CPU
		{A3BABCAF-7751-4920-914A-7814322485B9}.Release|Any CPU.ActiveCfg = Release|Any CPU
		{A3BABCAF-7751-4920-914A-7814322485B9}.Release|Any CPU.Build.0 = Release|Any CPU
		{A3BABCAF-7751-4920-914A-7814322485B9}.Release|x64.ActiveCfg = Release|Any CPU
		{A3BABCAF-7751-4920-914A-7814322485B9}.Release|x64.Build.0 = Release|Any CPU
		{A3BABCAF-7751-4920-914A-7814322485B9}.Release|x86.ActiveCfg = Release|Any CPU
		{A3BABCAF-7751-4920-914A-7814322485B9}.Release|x86.Build.0 = Release|Any CPU
		{D9CF1874-1794-4422-9DE4-093B89AACB74}.Debug|Any CPU.ActiveCfg = Debug|Any CPU
		{D9CF1874-1794-4422-9DE4-093B89AACB74}.Debug|Any CPU.Build.0 = Debug|Any CPU
		{D9CF1874-1794-4422-9DE4-093B89AACB74}.Debug|x64.ActiveCfg = Debug|Any CPU
		{D9CF1874-1794-4422-9DE4-093B89AACB74}.Debug|x64.Build.0 = Debug|Any CPU
		{D9CF1874-1794-4422-9DE4-093B89AACB74}.Debug|x86.ActiveCfg = Debug|Any CPU
		{D9CF1874-1794-4422-9DE4-093B89AACB74}.Debug|x86.Build.0 = Debug|Any CPU
		{D9CF1874-1794-4422-9DE4-093B89AACB74}.Release|Any CPU.ActiveCfg = Release|Any CPU
		{D9CF1874-1794-4422-9DE4-093B89AACB74}.Release|Any CPU.Build.0 = Release|Any CPU
		{D9CF1874-1794-4422-9DE4-093B89AACB74}.Release|x64.ActiveCfg = Release|Any CPU
		{D9CF1874-1794-4422-9DE4-093B89AACB74}.Release|x64.Build.0 = Release|Any CPU
		{D9CF1874-1794-4422-9DE4-093B89AACB74}.Release|x86.ActiveCfg = Release|Any CPU
		{D9CF1874-1794-4422-9DE4-093B89AACB74}.Release|x86.Build.0 = Release|Any CPU
		{9B53969C-A5A4-4046-993F-97AB4018D718}.Debug|Any CPU.ActiveCfg = Debug|Any CPU
		{9B53969C-A5A4-4046-993F-97AB4018D718}.Debug|Any CPU.Build.0 = Debug|Any CPU
		{9B53969C-A5A4-4046-993F-97AB4018D718}.Debug|x64.ActiveCfg = Debug|Any CPU
		{9B53969C-A5A4-4046-993F-97AB4018D718}.Debug|x64.Build.0 = Debug|Any CPU
		{9B53969C-A5A4-4046-993F-97AB4018D718}.Debug|x86.ActiveCfg = Debug|Any CPU
		{9B53969C-A5A4-4046-993F-97AB4018D718}.Debug|x86.Build.0 = Debug|Any CPU
		{9B53969C-A5A4-4046-993F-97AB4018D718}.Release|Any CPU.ActiveCfg = Release|Any CPU
		{9B53969C-A5A4-4046-993F-97AB4018D718}.Release|Any CPU.Build.0 = Release|Any CPU
		{9B53969C-A5A4-4046-993F-97AB4018D718}.Release|x64.ActiveCfg = Release|Any CPU
		{9B53969C-A5A4-4046-993F-97AB4018D718}.Release|x64.Build.0 = Release|Any CPU
		{9B53969C-A5A4-4046-993F-97AB4018D718}.Release|x86.ActiveCfg = Release|Any CPU
		{9B53969C-A5A4-4046-993F-97AB4018D718}.Release|x86.Build.0 = Release|Any CPU
		{6934DF9E-A42A-4793-83A0-9A96F7C652A9}.Debug|Any CPU.ActiveCfg = Debug|Any CPU
		{6934DF9E-A42A-4793-83A0-9A96F7C652A9}.Debug|Any CPU.Build.0 = Debug|Any CPU
		{6934DF9E-A42A-4793-83A0-9A96F7C652A9}.Debug|x64.ActiveCfg = Debug|Any CPU
		{6934DF9E-A42A-4793-83A0-9A96F7C652A9}.Debug|x64.Build.0 = Debug|Any CPU
		{6934DF9E-A42A-4793-83A0-9A96F7C652A9}.Debug|x86.ActiveCfg = Debug|Any CPU
		{6934DF9E-A42A-4793-83A0-9A96F7C652A9}.Debug|x86.Build.0 = Debug|Any CPU
		{6934DF9E-A42A-4793-83A0-9A96F7C652A9}.Release|Any CPU.ActiveCfg = Release|Any CPU
		{6934DF9E-A42A-4793-83A0-9A96F7C652A9}.Release|Any CPU.Build.0 = Release|Any CPU
		{6934DF9E-A42A-4793-83A0-9A96F7C652A9}.Release|x64.ActiveCfg = Release|Any CPU
		{6934DF9E-A42A-4793-83A0-9A96F7C652A9}.Release|x64.Build.0 = Release|Any CPU
		{6934DF9E-A42A-4793-83A0-9A96F7C652A9}.Release|x86.ActiveCfg = Release|Any CPU
		{6934DF9E-A42A-4793-83A0-9A96F7C652A9}.Release|x86.Build.0 = Release|Any CPU
		{6F698D7F-FDBB-41DC-B143-20975F11B4EC}.Debug|Any CPU.ActiveCfg = Debug|Any CPU
		{6F698D7F-FDBB-41DC-B143-20975F11B4EC}.Debug|Any CPU.Build.0 = Debug|Any CPU
		{6F698D7F-FDBB-41DC-B143-20975F11B4EC}.Debug|x64.ActiveCfg = Debug|Any CPU
		{6F698D7F-FDBB-41DC-B143-20975F11B4EC}.Debug|x64.Build.0 = Debug|Any CPU
		{6F698D7F-FDBB-41DC-B143-20975F11B4EC}.Debug|x86.ActiveCfg = Debug|Any CPU
		{6F698D7F-FDBB-41DC-B143-20975F11B4EC}.Debug|x86.Build.0 = Debug|Any CPU
		{6F698D7F-FDBB-41DC-B143-20975F11B4EC}.Release|Any CPU.ActiveCfg = Release|Any CPU
		{6F698D7F-FDBB-41DC-B143-20975F11B4EC}.Release|Any CPU.Build.0 = Release|Any CPU
		{6F698D7F-FDBB-41DC-B143-20975F11B4EC}.Release|x64.ActiveCfg = Release|Any CPU
		{6F698D7F-FDBB-41DC-B143-20975F11B4EC}.Release|x64.Build.0 = Release|Any CPU
		{6F698D7F-FDBB-41DC-B143-20975F11B4EC}.Release|x86.ActiveCfg = Release|Any CPU
		{6F698D7F-FDBB-41DC-B143-20975F11B4EC}.Release|x86.Build.0 = Release|Any CPU
		{C9F7E3F0-8C0A-4C1C-A431-C62B614210BC}.Debug|Any CPU.ActiveCfg = Debug|Any CPU
		{C9F7E3F0-8C0A-4C1C-A431-C62B614210BC}.Debug|Any CPU.Build.0 = Debug|Any CPU
		{C9F7E3F0-8C0A-4C1C-A431-C62B614210BC}.Debug|x64.ActiveCfg = Debug|Any CPU
		{C9F7E3F0-8C0A-4C1C-A431-C62B614210BC}.Debug|x64.Build.0 = Debug|Any CPU
		{C9F7E3F0-8C0A-4C1C-A431-C62B614210BC}.Debug|x86.ActiveCfg = Debug|Any CPU
		{C9F7E3F0-8C0A-4C1C-A431-C62B614210BC}.Debug|x86.Build.0 = Debug|Any CPU
		{C9F7E3F0-8C0A-4C1C-A431-C62B614210BC}.Release|Any CPU.ActiveCfg = Release|Any CPU
		{C9F7E3F0-8C0A-4C1C-A431-C62B614210BC}.Release|Any CPU.Build.0 = Release|Any CPU
		{C9F7E3F0-8C0A-4C1C-A431-C62B614210BC}.Release|x64.ActiveCfg = Release|Any CPU
		{C9F7E3F0-8C0A-4C1C-A431-C62B614210BC}.Release|x64.Build.0 = Release|Any CPU
		{C9F7E3F0-8C0A-4C1C-A431-C62B614210BC}.Release|x86.ActiveCfg = Release|Any CPU
		{C9F7E3F0-8C0A-4C1C-A431-C62B614210BC}.Release|x86.Build.0 = Release|Any CPU
		{004083F4-5802-46B3-A121-98769613A9BA}.Debug|Any CPU.ActiveCfg = Debug|Any CPU
		{004083F4-5802-46B3-A121-98769613A9BA}.Debug|Any CPU.Build.0 = Debug|Any CPU
		{004083F4-5802-46B3-A121-98769613A9BA}.Debug|x64.ActiveCfg = Debug|Any CPU
		{004083F4-5802-46B3-A121-98769613A9BA}.Debug|x64.Build.0 = Debug|Any CPU
		{004083F4-5802-46B3-A121-98769613A9BA}.Debug|x86.ActiveCfg = Debug|Any CPU
		{004083F4-5802-46B3-A121-98769613A9BA}.Debug|x86.Build.0 = Debug|Any CPU
		{004083F4-5802-46B3-A121-98769613A9BA}.Release|Any CPU.ActiveCfg = Release|Any CPU
		{004083F4-5802-46B3-A121-98769613A9BA}.Release|Any CPU.Build.0 = Release|Any CPU
		{004083F4-5802-46B3-A121-98769613A9BA}.Release|x64.ActiveCfg = Release|Any CPU
		{004083F4-5802-46B3-A121-98769613A9BA}.Release|x64.Build.0 = Release|Any CPU
		{004083F4-5802-46B3-A121-98769613A9BA}.Release|x86.ActiveCfg = Release|Any CPU
		{004083F4-5802-46B3-A121-98769613A9BA}.Release|x86.Build.0 = Release|Any CPU
		{F410C84F-ED95-4B36-A482-20FB5ED8754A}.Debug|Any CPU.ActiveCfg = Debug|Any CPU
		{F410C84F-ED95-4B36-A482-20FB5ED8754A}.Debug|Any CPU.Build.0 = Debug|Any CPU
		{F410C84F-ED95-4B36-A482-20FB5ED8754A}.Debug|x64.ActiveCfg = Debug|Any CPU
		{F410C84F-ED95-4B36-A482-20FB5ED8754A}.Debug|x64.Build.0 = Debug|Any CPU
		{F410C84F-ED95-4B36-A482-20FB5ED8754A}.Debug|x86.ActiveCfg = Debug|Any CPU
		{F410C84F-ED95-4B36-A482-20FB5ED8754A}.Debug|x86.Build.0 = Debug|Any CPU
		{F410C84F-ED95-4B36-A482-20FB5ED8754A}.Release|Any CPU.ActiveCfg = Release|Any CPU
		{F410C84F-ED95-4B36-A482-20FB5ED8754A}.Release|Any CPU.Build.0 = Release|Any CPU
		{F410C84F-ED95-4B36-A482-20FB5ED8754A}.Release|x64.ActiveCfg = Release|Any CPU
		{F410C84F-ED95-4B36-A482-20FB5ED8754A}.Release|x64.Build.0 = Release|Any CPU
		{F410C84F-ED95-4B36-A482-20FB5ED8754A}.Release|x86.ActiveCfg = Release|Any CPU
		{F410C84F-ED95-4B36-A482-20FB5ED8754A}.Release|x86.Build.0 = Release|Any CPU
		{F1E84A49-5410-48A2-83EE-311EC294B95D}.Debug|Any CPU.ActiveCfg = Debug|Any CPU
		{F1E84A49-5410-48A2-83EE-311EC294B95D}.Debug|Any CPU.Build.0 = Debug|Any CPU
		{F1E84A49-5410-48A2-83EE-311EC294B95D}.Debug|x64.ActiveCfg = Debug|Any CPU
		{F1E84A49-5410-48A2-83EE-311EC294B95D}.Debug|x64.Build.0 = Debug|Any CPU
		{F1E84A49-5410-48A2-83EE-311EC294B95D}.Debug|x86.ActiveCfg = Debug|Any CPU
		{F1E84A49-5410-48A2-83EE-311EC294B95D}.Debug|x86.Build.0 = Debug|Any CPU
		{F1E84A49-5410-48A2-83EE-311EC294B95D}.Release|Any CPU.ActiveCfg = Release|Any CPU
		{F1E84A49-5410-48A2-83EE-311EC294B95D}.Release|Any CPU.Build.0 = Release|Any CPU
		{F1E84A49-5410-48A2-83EE-311EC294B95D}.Release|x64.ActiveCfg = Release|Any CPU
		{F1E84A49-5410-48A2-83EE-311EC294B95D}.Release|x64.Build.0 = Release|Any CPU
		{F1E84A49-5410-48A2-83EE-311EC294B95D}.Release|x86.ActiveCfg = Release|Any CPU
		{F1E84A49-5410-48A2-83EE-311EC294B95D}.Release|x86.Build.0 = Release|Any CPU
		{39DF0350-4BFE-4C82-8B79-037189DA1848}.Debug|Any CPU.ActiveCfg = Debug|Any CPU
		{39DF0350-4BFE-4C82-8B79-037189DA1848}.Debug|Any CPU.Build.0 = Debug|Any CPU
		{39DF0350-4BFE-4C82-8B79-037189DA1848}.Debug|x64.ActiveCfg = Debug|Any CPU
		{39DF0350-4BFE-4C82-8B79-037189DA1848}.Debug|x64.Build.0 = Debug|Any CPU
		{39DF0350-4BFE-4C82-8B79-037189DA1848}.Debug|x86.ActiveCfg = Debug|Any CPU
		{39DF0350-4BFE-4C82-8B79-037189DA1848}.Debug|x86.Build.0 = Debug|Any CPU
		{39DF0350-4BFE-4C82-8B79-037189DA1848}.Release|Any CPU.ActiveCfg = Release|Any CPU
		{39DF0350-4BFE-4C82-8B79-037189DA1848}.Release|Any CPU.Build.0 = Release|Any CPU
		{39DF0350-4BFE-4C82-8B79-037189DA1848}.Release|x64.ActiveCfg = Release|Any CPU
		{39DF0350-4BFE-4C82-8B79-037189DA1848}.Release|x64.Build.0 = Release|Any CPU
		{39DF0350-4BFE-4C82-8B79-037189DA1848}.Release|x86.ActiveCfg = Release|Any CPU
		{39DF0350-4BFE-4C82-8B79-037189DA1848}.Release|x86.Build.0 = Release|Any CPU
		{18196B97-4DAF-4CAE-9F7F-B278F410B890}.Debug|Any CPU.ActiveCfg = Debug|Any CPU
		{18196B97-4DAF-4CAE-9F7F-B278F410B890}.Debug|Any CPU.Build.0 = Debug|Any CPU
		{18196B97-4DAF-4CAE-9F7F-B278F410B890}.Debug|x64.ActiveCfg = Debug|Any CPU
		{18196B97-4DAF-4CAE-9F7F-B278F410B890}.Debug|x64.Build.0 = Debug|Any CPU
		{18196B97-4DAF-4CAE-9F7F-B278F410B890}.Debug|x86.ActiveCfg = Debug|Any CPU
		{18196B97-4DAF-4CAE-9F7F-B278F410B890}.Debug|x86.Build.0 = Debug|Any CPU
		{18196B97-4DAF-4CAE-9F7F-B278F410B890}.Release|Any CPU.ActiveCfg = Release|Any CPU
		{18196B97-4DAF-4CAE-9F7F-B278F410B890}.Release|Any CPU.Build.0 = Release|Any CPU
		{18196B97-4DAF-4CAE-9F7F-B278F410B890}.Release|x64.ActiveCfg = Release|Any CPU
		{18196B97-4DAF-4CAE-9F7F-B278F410B890}.Release|x64.Build.0 = Release|Any CPU
		{18196B97-4DAF-4CAE-9F7F-B278F410B890}.Release|x86.ActiveCfg = Release|Any CPU
		{18196B97-4DAF-4CAE-9F7F-B278F410B890}.Release|x86.Build.0 = Release|Any CPU
		{99D4815E-CA11-47F3-9EC7-E49647A617A3}.Debug|Any CPU.ActiveCfg = Debug|Any CPU
		{99D4815E-CA11-47F3-9EC7-E49647A617A3}.Debug|Any CPU.Build.0 = Debug|Any CPU
		{99D4815E-CA11-47F3-9EC7-E49647A617A3}.Debug|x64.ActiveCfg = Debug|Any CPU
		{99D4815E-CA11-47F3-9EC7-E49647A617A3}.Debug|x64.Build.0 = Debug|Any CPU
		{99D4815E-CA11-47F3-9EC7-E49647A617A3}.Debug|x86.ActiveCfg = Debug|Any CPU
		{99D4815E-CA11-47F3-9EC7-E49647A617A3}.Debug|x86.Build.0 = Debug|Any CPU
		{99D4815E-CA11-47F3-9EC7-E49647A617A3}.Release|Any CPU.ActiveCfg = Release|Any CPU
		{99D4815E-CA11-47F3-9EC7-E49647A617A3}.Release|Any CPU.Build.0 = Release|Any CPU
		{99D4815E-CA11-47F3-9EC7-E49647A617A3}.Release|x64.ActiveCfg = Release|Any CPU
		{99D4815E-CA11-47F3-9EC7-E49647A617A3}.Release|x64.Build.0 = Release|Any CPU
		{99D4815E-CA11-47F3-9EC7-E49647A617A3}.Release|x86.ActiveCfg = Release|Any CPU
		{99D4815E-CA11-47F3-9EC7-E49647A617A3}.Release|x86.Build.0 = Release|Any CPU
		{4D74C6A0-4E87-40CA-9795-55539AD1ECB3}.Debug|Any CPU.ActiveCfg = Debug|Any CPU
		{4D74C6A0-4E87-40CA-9795-55539AD1ECB3}.Debug|Any CPU.Build.0 = Debug|Any CPU
		{4D74C6A0-4E87-40CA-9795-55539AD1ECB3}.Debug|x64.ActiveCfg = Debug|Any CPU
		{4D74C6A0-4E87-40CA-9795-55539AD1ECB3}.Debug|x64.Build.0 = Debug|Any CPU
		{4D74C6A0-4E87-40CA-9795-55539AD1ECB3}.Debug|x86.ActiveCfg = Debug|Any CPU
		{4D74C6A0-4E87-40CA-9795-55539AD1ECB3}.Debug|x86.Build.0 = Debug|Any CPU
		{4D74C6A0-4E87-40CA-9795-55539AD1ECB3}.Release|Any CPU.ActiveCfg = Release|Any CPU
		{4D74C6A0-4E87-40CA-9795-55539AD1ECB3}.Release|Any CPU.Build.0 = Release|Any CPU
		{4D74C6A0-4E87-40CA-9795-55539AD1ECB3}.Release|x64.ActiveCfg = Release|Any CPU
		{4D74C6A0-4E87-40CA-9795-55539AD1ECB3}.Release|x64.Build.0 = Release|Any CPU
		{4D74C6A0-4E87-40CA-9795-55539AD1ECB3}.Release|x86.ActiveCfg = Release|Any CPU
		{4D74C6A0-4E87-40CA-9795-55539AD1ECB3}.Release|x86.Build.0 = Release|Any CPU
		{3ED2422A-05C3-4155-B47C-69FF50728B7F}.Debug|Any CPU.ActiveCfg = Debug|Any CPU
		{3ED2422A-05C3-4155-B47C-69FF50728B7F}.Debug|Any CPU.Build.0 = Debug|Any CPU
		{3ED2422A-05C3-4155-B47C-69FF50728B7F}.Debug|x64.ActiveCfg = Debug|Any CPU
		{3ED2422A-05C3-4155-B47C-69FF50728B7F}.Debug|x64.Build.0 = Debug|Any CPU
		{3ED2422A-05C3-4155-B47C-69FF50728B7F}.Debug|x86.ActiveCfg = Debug|Any CPU
		{3ED2422A-05C3-4155-B47C-69FF50728B7F}.Debug|x86.Build.0 = Debug|Any CPU
		{3ED2422A-05C3-4155-B47C-69FF50728B7F}.Release|Any CPU.ActiveCfg = Release|Any CPU
		{3ED2422A-05C3-4155-B47C-69FF50728B7F}.Release|Any CPU.Build.0 = Release|Any CPU
		{3ED2422A-05C3-4155-B47C-69FF50728B7F}.Release|x64.ActiveCfg = Release|Any CPU
		{3ED2422A-05C3-4155-B47C-69FF50728B7F}.Release|x64.Build.0 = Release|Any CPU
		{3ED2422A-05C3-4155-B47C-69FF50728B7F}.Release|x86.ActiveCfg = Release|Any CPU
		{3ED2422A-05C3-4155-B47C-69FF50728B7F}.Release|x86.Build.0 = Release|Any CPU
		{F4474AF7-32AE-492D-A945-004025EA6570}.Debug|Any CPU.ActiveCfg = Debug|Any CPU
		{F4474AF7-32AE-492D-A945-004025EA6570}.Debug|Any CPU.Build.0 = Debug|Any CPU
		{F4474AF7-32AE-492D-A945-004025EA6570}.Debug|x64.ActiveCfg = Debug|Any CPU
		{F4474AF7-32AE-492D-A945-004025EA6570}.Debug|x64.Build.0 = Debug|Any CPU
		{F4474AF7-32AE-492D-A945-004025EA6570}.Debug|x86.ActiveCfg = Debug|Any CPU
		{F4474AF7-32AE-492D-A945-004025EA6570}.Debug|x86.Build.0 = Debug|Any CPU
		{F4474AF7-32AE-492D-A945-004025EA6570}.Release|Any CPU.ActiveCfg = Release|Any CPU
		{F4474AF7-32AE-492D-A945-004025EA6570}.Release|Any CPU.Build.0 = Release|Any CPU
		{F4474AF7-32AE-492D-A945-004025EA6570}.Release|x64.ActiveCfg = Release|Any CPU
		{F4474AF7-32AE-492D-A945-004025EA6570}.Release|x64.Build.0 = Release|Any CPU
		{F4474AF7-32AE-492D-A945-004025EA6570}.Release|x86.ActiveCfg = Release|Any CPU
		{F4474AF7-32AE-492D-A945-004025EA6570}.Release|x86.Build.0 = Release|Any CPU
		{6FABDF4F-51E6-46E7-83BA-0BD0D9609E39}.Debug|Any CPU.ActiveCfg = Debug|Any CPU
		{6FABDF4F-51E6-46E7-83BA-0BD0D9609E39}.Debug|Any CPU.Build.0 = Debug|Any CPU
		{6FABDF4F-51E6-46E7-83BA-0BD0D9609E39}.Debug|x64.ActiveCfg = Debug|Any CPU
		{6FABDF4F-51E6-46E7-83BA-0BD0D9609E39}.Debug|x64.Build.0 = Debug|Any CPU
		{6FABDF4F-51E6-46E7-83BA-0BD0D9609E39}.Debug|x86.ActiveCfg = Debug|Any CPU
		{6FABDF4F-51E6-46E7-83BA-0BD0D9609E39}.Debug|x86.Build.0 = Debug|Any CPU
		{6FABDF4F-51E6-46E7-83BA-0BD0D9609E39}.Release|Any CPU.ActiveCfg = Release|Any CPU
		{6FABDF4F-51E6-46E7-83BA-0BD0D9609E39}.Release|Any CPU.Build.0 = Release|Any CPU
		{6FABDF4F-51E6-46E7-83BA-0BD0D9609E39}.Release|x64.ActiveCfg = Release|Any CPU
		{6FABDF4F-51E6-46E7-83BA-0BD0D9609E39}.Release|x64.Build.0 = Release|Any CPU
		{6FABDF4F-51E6-46E7-83BA-0BD0D9609E39}.Release|x86.ActiveCfg = Release|Any CPU
		{6FABDF4F-51E6-46E7-83BA-0BD0D9609E39}.Release|x86.Build.0 = Release|Any CPU
		{D49EAFFF-3AAF-44D4-B9FF-9CEBA6A082F9}.Debug|Any CPU.ActiveCfg = Debug|Any CPU
		{D49EAFFF-3AAF-44D4-B9FF-9CEBA6A082F9}.Debug|Any CPU.Build.0 = Debug|Any CPU
		{D49EAFFF-3AAF-44D4-B9FF-9CEBA6A082F9}.Debug|x64.ActiveCfg = Debug|Any CPU
		{D49EAFFF-3AAF-44D4-B9FF-9CEBA6A082F9}.Debug|x64.Build.0 = Debug|Any CPU
		{D49EAFFF-3AAF-44D4-B9FF-9CEBA6A082F9}.Debug|x86.ActiveCfg = Debug|Any CPU
		{D49EAFFF-3AAF-44D4-B9FF-9CEBA6A082F9}.Debug|x86.Build.0 = Debug|Any CPU
		{D49EAFFF-3AAF-44D4-B9FF-9CEBA6A082F9}.Release|Any CPU.ActiveCfg = Release|Any CPU
		{D49EAFFF-3AAF-44D4-B9FF-9CEBA6A082F9}.Release|Any CPU.Build.0 = Release|Any CPU
		{D49EAFFF-3AAF-44D4-B9FF-9CEBA6A082F9}.Release|x64.ActiveCfg = Release|Any CPU
		{D49EAFFF-3AAF-44D4-B9FF-9CEBA6A082F9}.Release|x64.Build.0 = Release|Any CPU
		{D49EAFFF-3AAF-44D4-B9FF-9CEBA6A082F9}.Release|x86.ActiveCfg = Release|Any CPU
		{D49EAFFF-3AAF-44D4-B9FF-9CEBA6A082F9}.Release|x86.Build.0 = Release|Any CPU
		{EC879AFB-CFE7-4943-8D33-CD33BB37532A}.Debug|Any CPU.ActiveCfg = Debug|Any CPU
		{EC879AFB-CFE7-4943-8D33-CD33BB37532A}.Debug|Any CPU.Build.0 = Debug|Any CPU
		{EC879AFB-CFE7-4943-8D33-CD33BB37532A}.Debug|x64.ActiveCfg = Debug|Any CPU
		{EC879AFB-CFE7-4943-8D33-CD33BB37532A}.Debug|x64.Build.0 = Debug|Any CPU
		{EC879AFB-CFE7-4943-8D33-CD33BB37532A}.Debug|x86.ActiveCfg = Debug|Any CPU
		{EC879AFB-CFE7-4943-8D33-CD33BB37532A}.Debug|x86.Build.0 = Debug|Any CPU
		{EC879AFB-CFE7-4943-8D33-CD33BB37532A}.Release|Any CPU.ActiveCfg = Release|Any CPU
		{EC879AFB-CFE7-4943-8D33-CD33BB37532A}.Release|Any CPU.Build.0 = Release|Any CPU
		{EC879AFB-CFE7-4943-8D33-CD33BB37532A}.Release|x64.ActiveCfg = Release|Any CPU
		{EC879AFB-CFE7-4943-8D33-CD33BB37532A}.Release|x64.Build.0 = Release|Any CPU
		{EC879AFB-CFE7-4943-8D33-CD33BB37532A}.Release|x86.ActiveCfg = Release|Any CPU
		{EC879AFB-CFE7-4943-8D33-CD33BB37532A}.Release|x86.Build.0 = Release|Any CPU
		{948EC558-6088-4E46-B7CB-D07001324699}.Debug|Any CPU.ActiveCfg = Debug|Any CPU
		{948EC558-6088-4E46-B7CB-D07001324699}.Debug|Any CPU.Build.0 = Debug|Any CPU
		{948EC558-6088-4E46-B7CB-D07001324699}.Debug|x64.ActiveCfg = Debug|Any CPU
		{948EC558-6088-4E46-B7CB-D07001324699}.Debug|x64.Build.0 = Debug|Any CPU
		{948EC558-6088-4E46-B7CB-D07001324699}.Debug|x86.ActiveCfg = Debug|Any CPU
		{948EC558-6088-4E46-B7CB-D07001324699}.Debug|x86.Build.0 = Debug|Any CPU
		{948EC558-6088-4E46-B7CB-D07001324699}.Release|Any CPU.ActiveCfg = Release|Any CPU
		{948EC558-6088-4E46-B7CB-D07001324699}.Release|Any CPU.Build.0 = Release|Any CPU
		{948EC558-6088-4E46-B7CB-D07001324699}.Release|x64.ActiveCfg = Release|Any CPU
		{948EC558-6088-4E46-B7CB-D07001324699}.Release|x64.Build.0 = Release|Any CPU
		{948EC558-6088-4E46-B7CB-D07001324699}.Release|x86.ActiveCfg = Release|Any CPU
		{948EC558-6088-4E46-B7CB-D07001324699}.Release|x86.Build.0 = Release|Any CPU
		{7B3BAB18-4D66-4FA6-927A-CD78C9D3F77D}.Debug|Any CPU.ActiveCfg = Debug|Any CPU
		{7B3BAB18-4D66-4FA6-927A-CD78C9D3F77D}.Debug|Any CPU.Build.0 = Debug|Any CPU
		{7B3BAB18-4D66-4FA6-927A-CD78C9D3F77D}.Debug|x64.ActiveCfg = Debug|Any CPU
		{7B3BAB18-4D66-4FA6-927A-CD78C9D3F77D}.Debug|x64.Build.0 = Debug|Any CPU
		{7B3BAB18-4D66-4FA6-927A-CD78C9D3F77D}.Debug|x86.ActiveCfg = Debug|Any CPU
		{7B3BAB18-4D66-4FA6-927A-CD78C9D3F77D}.Debug|x86.Build.0 = Debug|Any CPU
		{7B3BAB18-4D66-4FA6-927A-CD78C9D3F77D}.Release|Any CPU.ActiveCfg = Release|Any CPU
		{7B3BAB18-4D66-4FA6-927A-CD78C9D3F77D}.Release|Any CPU.Build.0 = Release|Any CPU
		{7B3BAB18-4D66-4FA6-927A-CD78C9D3F77D}.Release|x64.ActiveCfg = Release|Any CPU
		{7B3BAB18-4D66-4FA6-927A-CD78C9D3F77D}.Release|x64.Build.0 = Release|Any CPU
		{7B3BAB18-4D66-4FA6-927A-CD78C9D3F77D}.Release|x86.ActiveCfg = Release|Any CPU
		{7B3BAB18-4D66-4FA6-927A-CD78C9D3F77D}.Release|x86.Build.0 = Release|Any CPU
		{2777CBE6-4E60-4BED-A9A3-2E2752A04729}.Debug|Any CPU.ActiveCfg = Debug|Any CPU
		{2777CBE6-4E60-4BED-A9A3-2E2752A04729}.Debug|Any CPU.Build.0 = Debug|Any CPU
		{2777CBE6-4E60-4BED-A9A3-2E2752A04729}.Debug|x64.ActiveCfg = Debug|Any CPU
		{2777CBE6-4E60-4BED-A9A3-2E2752A04729}.Debug|x64.Build.0 = Debug|Any CPU
		{2777CBE6-4E60-4BED-A9A3-2E2752A04729}.Debug|x86.ActiveCfg = Debug|Any CPU
		{2777CBE6-4E60-4BED-A9A3-2E2752A04729}.Debug|x86.Build.0 = Debug|Any CPU
		{2777CBE6-4E60-4BED-A9A3-2E2752A04729}.Release|Any CPU.ActiveCfg = Release|Any CPU
		{2777CBE6-4E60-4BED-A9A3-2E2752A04729}.Release|Any CPU.Build.0 = Release|Any CPU
		{2777CBE6-4E60-4BED-A9A3-2E2752A04729}.Release|x64.ActiveCfg = Release|Any CPU
		{2777CBE6-4E60-4BED-A9A3-2E2752A04729}.Release|x64.Build.0 = Release|Any CPU
		{2777CBE6-4E60-4BED-A9A3-2E2752A04729}.Release|x86.ActiveCfg = Release|Any CPU
		{2777CBE6-4E60-4BED-A9A3-2E2752A04729}.Release|x86.Build.0 = Release|Any CPU
		{0A43A8CD-D633-4EAA-86F3-0FB36D8A38B2}.Debug|Any CPU.ActiveCfg = Debug|Any CPU
		{0A43A8CD-D633-4EAA-86F3-0FB36D8A38B2}.Debug|Any CPU.Build.0 = Debug|Any CPU
		{0A43A8CD-D633-4EAA-86F3-0FB36D8A38B2}.Debug|x64.ActiveCfg = Debug|Any CPU
		{0A43A8CD-D633-4EAA-86F3-0FB36D8A38B2}.Debug|x64.Build.0 = Debug|Any CPU
		{0A43A8CD-D633-4EAA-86F3-0FB36D8A38B2}.Debug|x86.ActiveCfg = Debug|Any CPU
		{0A43A8CD-D633-4EAA-86F3-0FB36D8A38B2}.Debug|x86.Build.0 = Debug|Any CPU
		{0A43A8CD-D633-4EAA-86F3-0FB36D8A38B2}.Release|Any CPU.ActiveCfg = Release|Any CPU
		{0A43A8CD-D633-4EAA-86F3-0FB36D8A38B2}.Release|Any CPU.Build.0 = Release|Any CPU
		{0A43A8CD-D633-4EAA-86F3-0FB36D8A38B2}.Release|x64.ActiveCfg = Release|Any CPU
		{0A43A8CD-D633-4EAA-86F3-0FB36D8A38B2}.Release|x64.Build.0 = Release|Any CPU
		{0A43A8CD-D633-4EAA-86F3-0FB36D8A38B2}.Release|x86.ActiveCfg = Release|Any CPU
		{0A43A8CD-D633-4EAA-86F3-0FB36D8A38B2}.Release|x86.Build.0 = Release|Any CPU
		{C2BD6F7F-20D5-4F3E-BCDF-15E29D0E6A37}.Debug|Any CPU.ActiveCfg = Debug|Any CPU
		{C2BD6F7F-20D5-4F3E-BCDF-15E29D0E6A37}.Debug|Any CPU.Build.0 = Debug|Any CPU
		{C2BD6F7F-20D5-4F3E-BCDF-15E29D0E6A37}.Debug|x64.ActiveCfg = Debug|Any CPU
		{C2BD6F7F-20D5-4F3E-BCDF-15E29D0E6A37}.Debug|x64.Build.0 = Debug|Any CPU
		{C2BD6F7F-20D5-4F3E-BCDF-15E29D0E6A37}.Debug|x86.ActiveCfg = Debug|Any CPU
		{C2BD6F7F-20D5-4F3E-BCDF-15E29D0E6A37}.Debug|x86.Build.0 = Debug|Any CPU
		{C2BD6F7F-20D5-4F3E-BCDF-15E29D0E6A37}.Release|Any CPU.ActiveCfg = Release|Any CPU
		{C2BD6F7F-20D5-4F3E-BCDF-15E29D0E6A37}.Release|Any CPU.Build.0 = Release|Any CPU
		{C2BD6F7F-20D5-4F3E-BCDF-15E29D0E6A37}.Release|x64.ActiveCfg = Release|Any CPU
		{C2BD6F7F-20D5-4F3E-BCDF-15E29D0E6A37}.Release|x64.Build.0 = Release|Any CPU
		{C2BD6F7F-20D5-4F3E-BCDF-15E29D0E6A37}.Release|x86.ActiveCfg = Release|Any CPU
		{C2BD6F7F-20D5-4F3E-BCDF-15E29D0E6A37}.Release|x86.Build.0 = Release|Any CPU
		{34794D97-2DDD-4F20-AB97-11089ADE693F}.Debug|Any CPU.ActiveCfg = Debug|Any CPU
		{34794D97-2DDD-4F20-AB97-11089ADE693F}.Debug|Any CPU.Build.0 = Debug|Any CPU
		{34794D97-2DDD-4F20-AB97-11089ADE693F}.Debug|x64.ActiveCfg = Debug|Any CPU
		{34794D97-2DDD-4F20-AB97-11089ADE693F}.Debug|x64.Build.0 = Debug|Any CPU
		{34794D97-2DDD-4F20-AB97-11089ADE693F}.Debug|x86.ActiveCfg = Debug|Any CPU
		{34794D97-2DDD-4F20-AB97-11089ADE693F}.Debug|x86.Build.0 = Debug|Any CPU
		{34794D97-2DDD-4F20-AB97-11089ADE693F}.Release|Any CPU.ActiveCfg = Release|Any CPU
		{34794D97-2DDD-4F20-AB97-11089ADE693F}.Release|Any CPU.Build.0 = Release|Any CPU
		{34794D97-2DDD-4F20-AB97-11089ADE693F}.Release|x64.ActiveCfg = Release|Any CPU
		{34794D97-2DDD-4F20-AB97-11089ADE693F}.Release|x64.Build.0 = Release|Any CPU
		{34794D97-2DDD-4F20-AB97-11089ADE693F}.Release|x86.ActiveCfg = Release|Any CPU
		{34794D97-2DDD-4F20-AB97-11089ADE693F}.Release|x86.Build.0 = Release|Any CPU
		{928A37F5-8AB7-47EC-BD61-A4FEDBF60429}.Debug|Any CPU.ActiveCfg = Debug|Any CPU
		{928A37F5-8AB7-47EC-BD61-A4FEDBF60429}.Debug|Any CPU.Build.0 = Debug|Any CPU
		{928A37F5-8AB7-47EC-BD61-A4FEDBF60429}.Debug|x64.ActiveCfg = Debug|Any CPU
		{928A37F5-8AB7-47EC-BD61-A4FEDBF60429}.Debug|x64.Build.0 = Debug|Any CPU
		{928A37F5-8AB7-47EC-BD61-A4FEDBF60429}.Debug|x86.ActiveCfg = Debug|Any CPU
		{928A37F5-8AB7-47EC-BD61-A4FEDBF60429}.Debug|x86.Build.0 = Debug|Any CPU
		{928A37F5-8AB7-47EC-BD61-A4FEDBF60429}.Release|Any CPU.ActiveCfg = Release|Any CPU
		{928A37F5-8AB7-47EC-BD61-A4FEDBF60429}.Release|Any CPU.Build.0 = Release|Any CPU
		{928A37F5-8AB7-47EC-BD61-A4FEDBF60429}.Release|x64.ActiveCfg = Release|Any CPU
		{928A37F5-8AB7-47EC-BD61-A4FEDBF60429}.Release|x64.Build.0 = Release|Any CPU
		{928A37F5-8AB7-47EC-BD61-A4FEDBF60429}.Release|x86.ActiveCfg = Release|Any CPU
		{928A37F5-8AB7-47EC-BD61-A4FEDBF60429}.Release|x86.Build.0 = Release|Any CPU
	EndGlobalSection
	GlobalSection(SolutionProperties) = preSolution
		HideSolutionNode = FALSE
	EndGlobalSection
	GlobalSection(NestedProjects) = preSolution
		{90298CBA-BD6F-3A0A-69D5-97CAD7B05E7E} = {827E0CD3-B72D-47B6-A68D-7590B98EB39B}
		{B83B0150-5FDC-44DC-A6AE-EC55B37EC23C} = {90298CBA-BD6F-3A0A-69D5-97CAD7B05E7E}
		{37BD2618-F72F-4A77-BAF2-3ABCB6D00180} = {90298CBA-BD6F-3A0A-69D5-97CAD7B05E7E}
		{237FD741-F8CD-422B-A90E-EE75F2B61AAB} = {90298CBA-BD6F-3A0A-69D5-97CAD7B05E7E}
		{6306A8FB-679E-111F-6585-8F70E0EE6013} = {827E0CD3-B72D-47B6-A68D-7590B98EB39B}
		{3CD65C5D-72BF-4534-A544-51F714C8734F} = {6306A8FB-679E-111F-6585-8F70E0EE6013}
		{984BB9B3-3FA3-BE33-9484-CAC21695A33C} = {827E0CD3-B72D-47B6-A68D-7590B98EB39B}
		{346BCB0B-667F-FE32-8749-1260F3F4611F} = {984BB9B3-3FA3-BE33-9484-CAC21695A33C}
		{F869D502-47EF-431B-82E0-6CCF9B1C7D19} = {346BCB0B-667F-FE32-8749-1260F3F4611F}
		{A3BABCAF-7751-4920-914A-7814322485B9} = {346BCB0B-667F-FE32-8749-1260F3F4611F}
		{D9CF1874-1794-4422-9DE4-093B89AACB74} = {346BCB0B-667F-FE32-8749-1260F3F4611F}
		{9B53969C-A5A4-4046-993F-97AB4018D718} = {346BCB0B-667F-FE32-8749-1260F3F4611F}
		{3F065B14-971E-798B-8CF3-8234AEA414AB} = {984BB9B3-3FA3-BE33-9484-CAC21695A33C}
		{6934DF9E-A42A-4793-83A0-9A96F7C652A9} = {3F065B14-971E-798B-8CF3-8234AEA414AB}
		{6F698D7F-FDBB-41DC-B143-20975F11B4EC} = {3F065B14-971E-798B-8CF3-8234AEA414AB}
		{C9F7E3F0-8C0A-4C1C-A431-C62B614210BC} = {3F065B14-971E-798B-8CF3-8234AEA414AB}
		{004083F4-5802-46B3-A121-98769613A9BA} = {3F065B14-971E-798B-8CF3-8234AEA414AB}
		{1BFC9479-12BF-35C3-06B8-42D89D95092B} = {984BB9B3-3FA3-BE33-9484-CAC21695A33C}
		{F410C84F-ED95-4B36-A482-20FB5ED8754A} = {1BFC9479-12BF-35C3-06B8-42D89D95092B}
		{F1E84A49-5410-48A2-83EE-311EC294B95D} = {1BFC9479-12BF-35C3-06B8-42D89D95092B}
		{39DF0350-4BFE-4C82-8B79-037189DA1848} = {1BFC9479-12BF-35C3-06B8-42D89D95092B}
		{18196B97-4DAF-4CAE-9F7F-B278F410B890} = {1BFC9479-12BF-35C3-06B8-42D89D95092B}
		{50CA0F33-3452-232D-F27E-24C3E1E7DC61} = {984BB9B3-3FA3-BE33-9484-CAC21695A33C}
		{99D4815E-CA11-47F3-9EC7-E49647A617A3} = {50CA0F33-3452-232D-F27E-24C3E1E7DC61}
		{4D74C6A0-4E87-40CA-9795-55539AD1ECB3} = {50CA0F33-3452-232D-F27E-24C3E1E7DC61}
		{3ED2422A-05C3-4155-B47C-69FF50728B7F} = {50CA0F33-3452-232D-F27E-24C3E1E7DC61}
		{F4474AF7-32AE-492D-A945-004025EA6570} = {50CA0F33-3452-232D-F27E-24C3E1E7DC61}
		{14EB1F56-A348-1217-F1FB-1C32AC906A77} = {984BB9B3-3FA3-BE33-9484-CAC21695A33C}
		{6FABDF4F-51E6-46E7-83BA-0BD0D9609E39} = {14EB1F56-A348-1217-F1FB-1C32AC906A77}
		{D49EAFFF-3AAF-44D4-B9FF-9CEBA6A082F9} = {14EB1F56-A348-1217-F1FB-1C32AC906A77}
		{EC879AFB-CFE7-4943-8D33-CD33BB37532A} = {14EB1F56-A348-1217-F1FB-1C32AC906A77}
		{948EC558-6088-4E46-B7CB-D07001324699} = {14EB1F56-A348-1217-F1FB-1C32AC906A77}
		{7B3BAB18-4D66-4FA6-927A-CD78C9D3F77D} = {827E0CD3-B72D-47B6-A68D-7590B98EB39B}
		{2777CBE6-4E60-4BED-A9A3-2E2752A04729} = {827E0CD3-B72D-47B6-A68D-7590B98EB39B}
		{0A43A8CD-D633-4EAA-86F3-0FB36D8A38B2} = {0AB3BF05-4346-4AA6-1389-037BE0695223}
		{C2BD6F7F-20D5-4F3E-BCDF-15E29D0E6A37} = {0AB3BF05-4346-4AA6-1389-037BE0695223}
		{34794D97-2DDD-4F20-AB97-11089ADE693F} = {0AB3BF05-4346-4AA6-1389-037BE0695223}
		{DCB6FCB8-FF92-AC57-0842-1F72A354D6B1} = {827E0CD3-B72D-47B6-A68D-7590B98EB39B}
		{928A37F5-8AB7-47EC-BD61-A4FEDBF60429} = {DCB6FCB8-FF92-AC57-0842-1F72A354D6B1}
	EndGlobalSection
EndGlobal
